// !$*UTF8*$!
{
	archiveVersion = 1;
	classes = {
	};
	objectVersion = 46;
	objects = {

/* Begin PBXBuildFile section */
		5725E9CE168E998200FFACF9 /* Default.png in Resources */ = {isa = PBXBuildFile; fileRef = 5725E9CD168E998200FFACF9 /* Default.png */; };
		5725E9D0168E998700FFACF9 /* Default@2x.png in Resources */ = {isa = PBXBuildFile; fileRef = 5725E9CF168E998700FFACF9 /* Default@2x.png */; };
		5725E9D2168E998A00FFACF9 /* Default-568h@2x.png in Resources */ = {isa = PBXBuildFile; fileRef = 5725E9D1168E998A00FFACF9 /* Default-568h@2x.png */; };
		57F20F5B1689B4E30084E742 /* UIKit.framework in Frameworks */ = {isa = PBXBuildFile; fileRef = 57F20F5A1689B4E30084E742 /* UIKit.framework */; };
		57F20F5D1689B4E30084E742 /* Foundation.framework in Frameworks */ = {isa = PBXBuildFile; fileRef = 57F20F5C1689B4E30084E742 /* Foundation.framework */; };
		57F20F5F1689B4E30084E742 /* CoreGraphics.framework in Frameworks */ = {isa = PBXBuildFile; fileRef = 57F20F5E1689B4E30084E742 /* CoreGraphics.framework */; };
		57F20F611689B4E30084E742 /* CoreData.framework in Frameworks */ = {isa = PBXBuildFile; fileRef = 57F20F601689B4E30084E742 /* CoreData.framework */; };
		57F20F671689B4E30084E742 /* InfoPlist.strings in Resources */ = {isa = PBXBuildFile; fileRef = 57F20F651689B4E30084E742 /* InfoPlist.strings */; };
		57F20F691689B4E30084E742 /* main.m in Sources */ = {isa = PBXBuildFile; fileRef = 57F20F681689B4E30084E742 /* main.m */; };
		57F20F6D1689B4E30084E742 /* AppDelegate.m in Sources */ = {isa = PBXBuildFile; fileRef = 57F20F6C1689B4E30084E742 /* AppDelegate.m */; };
		57F20F6F1689B4E30084E742 /* Default.png in Resources */ = {isa = PBXBuildFile; fileRef = 57F20F6E1689B4E30084E742 /* Default.png */; };
		57F20F711689B4E30084E742 /* Default@2x.png in Resources */ = {isa = PBXBuildFile; fileRef = 57F20F701689B4E30084E742 /* Default@2x.png */; };
		57F20F731689B4E30084E742 /* Default-568h@2x.png in Resources */ = {isa = PBXBuildFile; fileRef = 57F20F721689B4E30084E742 /* Default-568h@2x.png */; };
		57F20F761689B4E30084E742 /* iHubot.xcdatamodeld in Sources */ = {isa = PBXBuildFile; fileRef = 57F20F741689B4E30084E742 /* iHubot.xcdatamodeld */; };
		57F20F7E1689B4E30084E742 /* SenTestingKit.framework in Frameworks */ = {isa = PBXBuildFile; fileRef = 57F20F7D1689B4E30084E742 /* SenTestingKit.framework */; };
		57F20F7F1689B4E30084E742 /* UIKit.framework in Frameworks */ = {isa = PBXBuildFile; fileRef = 57F20F5A1689B4E30084E742 /* UIKit.framework */; };
		57F20F801689B4E30084E742 /* Foundation.framework in Frameworks */ = {isa = PBXBuildFile; fileRef = 57F20F5C1689B4E30084E742 /* Foundation.framework */; };
		57F20F811689B4E30084E742 /* CoreData.framework in Frameworks */ = {isa = PBXBuildFile; fileRef = 57F20F601689B4E30084E742 /* CoreData.framework */; };
		57F20F891689B4E30084E742 /* InfoPlist.strings in Resources */ = {isa = PBXBuildFile; fileRef = 57F20F871689B4E30084E742 /* InfoPlist.strings */; };
		57F20F8C1689B4E30084E742 /* iHubotTests.m in Sources */ = {isa = PBXBuildFile; fileRef = 57F20F8B1689B4E30084E742 /* iHubotTests.m */; };
		57F20F9C1689B55C0084E742 /* Message.m in Sources */ = {isa = PBXBuildFile; fileRef = 57F20F971689B55C0084E742 /* Message.m */; };
		57F2104C1689C5610084E742 /* Default.png in Resources */ = {isa = PBXBuildFile; fileRef = 57F210321689C5610084E742 /* Default.png */; };
		57F2104D1689C5610084E742 /* Default@2x.png in Resources */ = {isa = PBXBuildFile; fileRef = 57F210331689C5610084E742 /* Default@2x.png */; };
		57F2104E1689C5610084E742 /* Icon.png in Resources */ = {isa = PBXBuildFile; fileRef = 57F210341689C5610084E742 /* Icon.png */; };
		57F2104F1689C5610084E742 /* Icon@2x.png in Resources */ = {isa = PBXBuildFile; fileRef = 57F210351689C5610084E742 /* Icon@2x.png */; };
		57F210501689C5610084E742 /* MessageBubbleBlue.png in Resources */ = {isa = PBXBuildFile; fileRef = 57F210361689C5610084E742 /* MessageBubbleBlue.png */; };
		57F210511689C5610084E742 /* MessageBubbleBlue@2x.png in Resources */ = {isa = PBXBuildFile; fileRef = 57F210371689C5610084E742 /* MessageBubbleBlue@2x.png */; };
		57F210521689C5610084E742 /* MessageBubbleGray.png in Resources */ = {isa = PBXBuildFile; fileRef = 57F210381689C5610084E742 /* MessageBubbleGray.png */; };
		57F210531689C5610084E742 /* MessageBubbleGray@2x.png in Resources */ = {isa = PBXBuildFile; fileRef = 57F210391689C5610084E742 /* MessageBubbleGray@2x.png */; };
		57F210541689C5610084E742 /* MessageBubbleHighlighted.png in Resources */ = {isa = PBXBuildFile; fileRef = 57F2103A1689C5610084E742 /* MessageBubbleHighlighted.png */; };
		57F210551689C5610084E742 /* MessageBubbleHighlighted@2x.png in Resources */ = {isa = PBXBuildFile; fileRef = 57F2103B1689C5610084E742 /* MessageBubbleHighlighted@2x.png */; };
		57F210561689C5610084E742 /* MessageBubbleTyping.png in Resources */ = {isa = PBXBuildFile; fileRef = 57F2103C1689C5610084E742 /* MessageBubbleTyping.png */; };
		57F210571689C5610084E742 /* MessageBubbleTyping@2x.png in Resources */ = {isa = PBXBuildFile; fileRef = 57F2103D1689C5610084E742 /* MessageBubbleTyping@2x.png */; };
		57F210581689C5610084E742 /* MessageInputBarBackground.png in Resources */ = {isa = PBXBuildFile; fileRef = 57F2103E1689C5610084E742 /* MessageInputBarBackground.png */; };
		57F210591689C5610084E742 /* MessageInputBarBackground@2x.png in Resources */ = {isa = PBXBuildFile; fileRef = 57F2103F1689C5610084E742 /* MessageInputBarBackground@2x.png */; };
		57F2105A1689C5610084E742 /* MessageInputFieldBackground.png in Resources */ = {isa = PBXBuildFile; fileRef = 57F210401689C5610084E742 /* MessageInputFieldBackground.png */; };
		57F2105B1689C5610084E742 /* MessageInputFieldBackground@2x.png in Resources */ = {isa = PBXBuildFile; fileRef = 57F210411689C5610084E742 /* MessageInputFieldBackground@2x.png */; };
		57F2105C1689C5610084E742 /* MessageReceived.aiff in Resources */ = {isa = PBXBuildFile; fileRef = 57F210421689C5610084E742 /* MessageReceived.aiff */; };
		57F2105D1689C5610084E742 /* MessageSent.aiff in Resources */ = {isa = PBXBuildFile; fileRef = 57F210431689C5610084E742 /* MessageSent.aiff */; };
		57F2105E1689C5610084E742 /* SendButton.png in Resources */ = {isa = PBXBuildFile; fileRef = 57F210441689C5610084E742 /* SendButton.png */; };
		57F2105F1689C5610084E742 /* SendButton@2x.png in Resources */ = {isa = PBXBuildFile; fileRef = 57F210451689C5610084E742 /* SendButton@2x.png */; };
		57F210601689C5610084E742 /* SendButtonHighlighted.png in Resources */ = {isa = PBXBuildFile; fileRef = 57F210461689C5610084E742 /* SendButtonHighlighted.png */; };
		57F210611689C5610084E742 /* SendButtonHighlighted@2x.png in Resources */ = {isa = PBXBuildFile; fileRef = 57F210471689C5610084E742 /* SendButtonHighlighted@2x.png */; };
		57F210621689C5610084E742 /* UnreadBullet.png in Resources */ = {isa = PBXBuildFile; fileRef = 57F210481689C5610084E742 /* UnreadBullet.png */; };
		57F210631689C5610084E742 /* UnreadBullet@2x.png in Resources */ = {isa = PBXBuildFile; fileRef = 57F210491689C5610084E742 /* UnreadBullet@2x.png */; };
		57F210641689C5610084E742 /* UnreadBulletHighlighted.png in Resources */ = {isa = PBXBuildFile; fileRef = 57F2104A1689C5610084E742 /* UnreadBulletHighlighted.png */; };
		57F210651689C5610084E742 /* UnreadBulletHighlighted@2x.png in Resources */ = {isa = PBXBuildFile; fileRef = 57F2104B1689C5610084E742 /* UnreadBulletHighlighted@2x.png */; };
		57F2107A1689CBCB0084E742 /* AFHTTPClient.m in Sources */ = {isa = PBXBuildFile; fileRef = 57F210681689CBCB0084E742 /* AFHTTPClient.m */; };
		57F2107B1689CBCB0084E742 /* AFHTTPRequestOperation.m in Sources */ = {isa = PBXBuildFile; fileRef = 57F2106A1689CBCB0084E742 /* AFHTTPRequestOperation.m */; };
		57F2107C1689CBCB0084E742 /* AFImageRequestOperation.m in Sources */ = {isa = PBXBuildFile; fileRef = 57F2106C1689CBCB0084E742 /* AFImageRequestOperation.m */; };
		57F2107D1689CBCB0084E742 /* AFJSONRequestOperation.m in Sources */ = {isa = PBXBuildFile; fileRef = 57F2106E1689CBCB0084E742 /* AFJSONRequestOperation.m */; };
		57F2107E1689CBCB0084E742 /* AFNetworkActivityIndicatorManager.m in Sources */ = {isa = PBXBuildFile; fileRef = 57F210701689CBCB0084E742 /* AFNetworkActivityIndicatorManager.m */; };
		57F2107F1689CBCB0084E742 /* AFPropertyListRequestOperation.m in Sources */ = {isa = PBXBuildFile; fileRef = 57F210731689CBCB0084E742 /* AFPropertyListRequestOperation.m */; };
		57F210801689CBCB0084E742 /* AFURLConnectionOperation.m in Sources */ = {isa = PBXBuildFile; fileRef = 57F210751689CBCB0084E742 /* AFURLConnectionOperation.m */; };
		57F210811689CBCB0084E742 /* AFXMLRequestOperation.m in Sources */ = {isa = PBXBuildFile; fileRef = 57F210771689CBCB0084E742 /* AFXMLRequestOperation.m */; };
		57F210821689CBCB0084E742 /* UIImageView+AFNetworking.m in Sources */ = {isa = PBXBuildFile; fileRef = 57F210791689CBCB0084E742 /* UIImageView+AFNetworking.m */; };
		57F210A01689CD5C0084E742 /* NSString+MD5Addition.m in Sources */ = {isa = PBXBuildFile; fileRef = 57F210861689CD5C0084E742 /* NSString+MD5Addition.m */; settings = {COMPILER_FLAGS = "-fno-objc-arc"; }; };
		57F210A11689CD5C0084E742 /* UIDevice+IdentifierAddition.m in Sources */ = {isa = PBXBuildFile; fileRef = 57F210881689CD5C0084E742 /* UIDevice+IdentifierAddition.m */; settings = {COMPILER_FLAGS = "-fno-objc-arc"; }; };
		57F210F01689DB040084E742 /* bubbleMine.png in Resources */ = {isa = PBXBuildFile; fileRef = 57F210C51689DB040084E742 /* bubbleMine.png */; };
		57F210F11689DB040084E742 /* bubbleMine@2x.png in Resources */ = {isa = PBXBuildFile; fileRef = 57F210C61689DB040084E742 /* bubbleMine@2x.png */; };
		57F210F21689DB040084E742 /* bubbleSomeone.png in Resources */ = {isa = PBXBuildFile; fileRef = 57F210C71689DB040084E742 /* bubbleSomeone.png */; };
		57F210F31689DB040084E742 /* bubbleSomeone@2x.png in Resources */ = {isa = PBXBuildFile; fileRef = 57F210C81689DB040084E742 /* bubbleSomeone@2x.png */; };
		57F210F41689DB040084E742 /* missingAvatar.png in Resources */ = {isa = PBXBuildFile; fileRef = 57F210C91689DB040084E742 /* missingAvatar.png */; };
		57F210F51689DB040084E742 /* missingAvatar@2x.png in Resources */ = {isa = PBXBuildFile; fileRef = 57F210CA1689DB040084E742 /* missingAvatar@2x.png */; };
		57F210F61689DB040084E742 /* typingMine.png in Resources */ = {isa = PBXBuildFile; fileRef = 57F210CB1689DB040084E742 /* typingMine.png */; };
		57F210F71689DB040084E742 /* typingMine@2x.png in Resources */ = {isa = PBXBuildFile; fileRef = 57F210CC1689DB040084E742 /* typingMine@2x.png */; };
		57F210F81689DB040084E742 /* typingSomeone.png in Resources */ = {isa = PBXBuildFile; fileRef = 57F210CD1689DB040084E742 /* typingSomeone.png */; };
		57F210F91689DB040084E742 /* typingSomeone@2x.png in Resources */ = {isa = PBXBuildFile; fileRef = 57F210CE1689DB040084E742 /* typingSomeone@2x.png */; };
		57F210FF1689DB040084E742 /* NSBubbleData.m in Sources */ = {isa = PBXBuildFile; fileRef = 57F210D71689DB040084E742 /* NSBubbleData.m */; settings = {COMPILER_FLAGS = "-fno-objc-arc"; }; };
		57F211001689DB040084E742 /* UIBubbleHeaderTableViewCell.m in Sources */ = {isa = PBXBuildFile; fileRef = 57F210D91689DB040084E742 /* UIBubbleHeaderTableViewCell.m */; settings = {COMPILER_FLAGS = "-fno-objc-arc"; }; };
		57F211011689DB040084E742 /* UIBubbleTableView.m in Sources */ = {isa = PBXBuildFile; fileRef = 57F210DB1689DB040084E742 /* UIBubbleTableView.m */; settings = {COMPILER_FLAGS = "-fno-objc-arc"; }; };
		57F211021689DB040084E742 /* UIBubbleTableViewCell.m in Sources */ = {isa = PBXBuildFile; fileRef = 57F210DD1689DB040084E742 /* UIBubbleTableViewCell.m */; settings = {COMPILER_FLAGS = "-fno-objc-arc"; }; };
		57F211031689DB040084E742 /* UIBubbleTypingTableViewCell.m in Sources */ = {isa = PBXBuildFile; fileRef = 57F210E01689DB040084E742 /* UIBubbleTypingTableViewCell.m */; settings = {COMPILER_FLAGS = "-fno-objc-arc"; }; };
		57F211091689DB440084E742 /* ViewController.m in Sources */ = {isa = PBXBuildFile; fileRef = 57F211081689DB440084E742 /* ViewController.m */; settings = {COMPILER_FLAGS = "-fno-objc-arc"; }; };
		57F2110B1689DBAB0084E742 /* ViewController.xib in Resources */ = {isa = PBXBuildFile; fileRef = 57F2110A1689DBAB0084E742 /* ViewController.xib */; };
		57F211231689EB4E0084E742 /* SDImageCache.m in Sources */ = {isa = PBXBuildFile; fileRef = 57F211101689EB4E0084E742 /* SDImageCache.m */; };
		57F211241689EB4E0084E742 /* SDWebImageCompat.m in Sources */ = {isa = PBXBuildFile; fileRef = 57F211121689EB4E0084E742 /* SDWebImageCompat.m */; };
		57F211251689EB4E0084E742 /* SDWebImageDecoder.m in Sources */ = {isa = PBXBuildFile; fileRef = 57F211141689EB4E0084E742 /* SDWebImageDecoder.m */; };
		57F211261689EB4E0084E742 /* SDWebImageDownloader.m in Sources */ = {isa = PBXBuildFile; fileRef = 57F211161689EB4E0084E742 /* SDWebImageDownloader.m */; };
		57F211271689EB4E0084E742 /* SDWebImageDownloaderOperation.m in Sources */ = {isa = PBXBuildFile; fileRef = 57F211181689EB4E0084E742 /* SDWebImageDownloaderOperation.m */; };
		57F211281689EB4E0084E742 /* SDWebImageManager.m in Sources */ = {isa = PBXBuildFile; fileRef = 57F2111A1689EB4E0084E742 /* SDWebImageManager.m */; };
		57F211291689EB4E0084E742 /* SDWebImagePrefetcher.m in Sources */ = {isa = PBXBuildFile; fileRef = 57F2111D1689EB4E0084E742 /* SDWebImagePrefetcher.m */; };
		57F2112A1689EB4E0084E742 /* UIButton+WebCache.m in Sources */ = {isa = PBXBuildFile; fileRef = 57F2111F1689EB4E0084E742 /* UIButton+WebCache.m */; };
		57F2112B1689EB4E0084E742 /* UIImageView+WebCache.m in Sources */ = {isa = PBXBuildFile; fileRef = 57F211211689EB4E0084E742 /* UIImageView+WebCache.m */; };
		57F2112D1689ECDD0084E742 /* ImageIO.framework in Frameworks */ = {isa = PBXBuildFile; fileRef = 57F2112C1689ECDD0084E742 /* ImageIO.framework */; };
		57F2115E1689EF7E0084E742 /* AFImageRequestOperation+OLImage.m in Sources */ = {isa = PBXBuildFile; fileRef = 57F211311689EF7E0084E742 /* AFImageRequestOperation+OLImage.m */; };
		57F211611689EF7E0084E742 /* OLImage.m in Sources */ = {isa = PBXBuildFile; fileRef = 57F211351689EF7E0084E742 /* OLImage.m */; };
		57F211621689EF7E0084E742 /* OLImageView.m in Sources */ = {isa = PBXBuildFile; fileRef = 57F211371689EF7E0084E742 /* OLImageView.m */; };
		57F211821689F0220084E742 /* MobileCoreServices.framework in Frameworks */ = {isa = PBXBuildFile; fileRef = 57F211811689F0220084E742 /* MobileCoreServices.framework */; };
		57F211841689F5D80084E742 /* MediaPlayer.framework in Frameworks */ = {isa = PBXBuildFile; fileRef = 57F211831689F5D80084E742 /* MediaPlayer.framework */; };
		57F211A61689F60D0084E742 /* LBYouTubeExtractor.m in Sources */ = {isa = PBXBuildFile; fileRef = 57F2118B1689F60D0084E742 /* LBYouTubeExtractor.m */; };
		57F211A71689F60D0084E742 /* LBYouTubePlayerController.m in Sources */ = {isa = PBXBuildFile; fileRef = 57F2118D1689F60D0084E742 /* LBYouTubePlayerController.m */; };
		57FD703E168E8E25006BA28E /* hubot.png in Resources */ = {isa = PBXBuildFile; fileRef = 57FD703D168E8E25006BA28E /* hubot.png */; };
		57FD7040168E8E27006BA28E /* hubot@2x.png in Resources */ = {isa = PBXBuildFile; fileRef = 57FD703F168E8E27006BA28E /* hubot@2x.png */; };
		57FD7042168E8EE4006BA28E /* Settings.bundle in Resources */ = {isa = PBXBuildFile; fileRef = 57FD7041168E8EE4006BA28E /* Settings.bundle */; };
/* End PBXBuildFile section */

/* Begin PBXContainerItemProxy section */
		57F20F821689B4E30084E742 /* PBXContainerItemProxy */ = {
			isa = PBXContainerItemProxy;
			containerPortal = 57F20F4D1689B4E30084E742 /* Project object */;
			proxyType = 1;
			remoteGlobalIDString = 57F20F551689B4E30084E742;
			remoteInfo = iHubot;
		};
/* End PBXContainerItemProxy section */

/* Begin PBXFileReference section */
		5725E9CD168E998200FFACF9 /* Default.png */ = {isa = PBXFileReference; lastKnownFileType = image.png; path = Default.png; sourceTree = "<group>"; };
		5725E9CF168E998700FFACF9 /* Default@2x.png */ = {isa = PBXFileReference; lastKnownFileType = image.png; path = "Default@2x.png"; sourceTree = "<group>"; };
		5725E9D1168E998A00FFACF9 /* Default-568h@2x.png */ = {isa = PBXFileReference; lastKnownFileType = image.png; path = "Default-568h@2x.png"; sourceTree = "<group>"; };
		57F20F561689B4E30084E742 /* iHubot.app */ = {isa = PBXFileReference; explicitFileType = wrapper.application; includeInIndex = 0; path = iHubot.app; sourceTree = BUILT_PRODUCTS_DIR; };
		57F20F5A1689B4E30084E742 /* UIKit.framework */ = {isa = PBXFileReference; lastKnownFileType = wrapper.framework; name = UIKit.framework; path = System/Library/Frameworks/UIKit.framework; sourceTree = SDKROOT; };
		57F20F5C1689B4E30084E742 /* Foundation.framework */ = {isa = PBXFileReference; lastKnownFileType = wrapper.framework; name = Foundation.framework; path = System/Library/Frameworks/Foundation.framework; sourceTree = SDKROOT; };
		57F20F5E1689B4E30084E742 /* CoreGraphics.framework */ = {isa = PBXFileReference; lastKnownFileType = wrapper.framework; name = CoreGraphics.framework; path = System/Library/Frameworks/CoreGraphics.framework; sourceTree = SDKROOT; };
		57F20F601689B4E30084E742 /* CoreData.framework */ = {isa = PBXFileReference; lastKnownFileType = wrapper.framework; name = CoreData.framework; path = System/Library/Frameworks/CoreData.framework; sourceTree = SDKROOT; };
		57F20F641689B4E30084E742 /* iHubot-Info.plist */ = {isa = PBXFileReference; lastKnownFileType = text.plist.xml; path = "iHubot-Info.plist"; sourceTree = "<group>"; };
		57F20F661689B4E30084E742 /* en */ = {isa = PBXFileReference; lastKnownFileType = text.plist.strings; name = en; path = en.lproj/InfoPlist.strings; sourceTree = "<group>"; };
		57F20F681689B4E30084E742 /* main.m */ = {isa = PBXFileReference; lastKnownFileType = sourcecode.c.objc; path = main.m; sourceTree = "<group>"; };
		57F20F6A1689B4E30084E742 /* iHubot-Prefix.pch */ = {isa = PBXFileReference; lastKnownFileType = sourcecode.c.h; path = "iHubot-Prefix.pch"; sourceTree = "<group>"; };
		57F20F6B1689B4E30084E742 /* AppDelegate.h */ = {isa = PBXFileReference; lastKnownFileType = sourcecode.c.h; path = AppDelegate.h; sourceTree = "<group>"; };
		57F20F6C1689B4E30084E742 /* AppDelegate.m */ = {isa = PBXFileReference; lastKnownFileType = sourcecode.c.objc; path = AppDelegate.m; sourceTree = "<group>"; };
		57F20F6E1689B4E30084E742 /* Default.png */ = {isa = PBXFileReference; lastKnownFileType = image.png; path = Default.png; sourceTree = "<group>"; };
		57F20F701689B4E30084E742 /* Default@2x.png */ = {isa = PBXFileReference; lastKnownFileType = image.png; path = "Default@2x.png"; sourceTree = "<group>"; };
		57F20F721689B4E30084E742 /* Default-568h@2x.png */ = {isa = PBXFileReference; lastKnownFileType = image.png; path = "Default-568h@2x.png"; sourceTree = "<group>"; };
		57F20F751689B4E30084E742 /* iHubot.xcdatamodel */ = {isa = PBXFileReference; lastKnownFileType = wrapper.xcdatamodel; path = iHubot.xcdatamodel; sourceTree = "<group>"; };
		57F20F7C1689B4E30084E742 /* iHubotTests.octest */ = {isa = PBXFileReference; explicitFileType = wrapper.cfbundle; includeInIndex = 0; path = iHubotTests.octest; sourceTree = BUILT_PRODUCTS_DIR; };
		57F20F7D1689B4E30084E742 /* SenTestingKit.framework */ = {isa = PBXFileReference; lastKnownFileType = wrapper.framework; name = SenTestingKit.framework; path = Library/Frameworks/SenTestingKit.framework; sourceTree = DEVELOPER_DIR; };
		57F20F861689B4E30084E742 /* iHubotTests-Info.plist */ = {isa = PBXFileReference; lastKnownFileType = text.plist.xml; path = "iHubotTests-Info.plist"; sourceTree = "<group>"; };
		57F20F881689B4E30084E742 /* en */ = {isa = PBXFileReference; lastKnownFileType = text.plist.strings; name = en; path = en.lproj/InfoPlist.strings; sourceTree = "<group>"; };
		57F20F8A1689B4E30084E742 /* iHubotTests.h */ = {isa = PBXFileReference; lastKnownFileType = sourcecode.c.h; path = iHubotTests.h; sourceTree = "<group>"; };
		57F20F8B1689B4E30084E742 /* iHubotTests.m */ = {isa = PBXFileReference; lastKnownFileType = sourcecode.c.objc; path = iHubotTests.m; sourceTree = "<group>"; };
		57F20F961689B55C0084E742 /* Message.h */ = {isa = PBXFileReference; fileEncoding = 4; lastKnownFileType = sourcecode.c.h; path = Message.h; sourceTree = "<group>"; };
		57F20F971689B55C0084E742 /* Message.m */ = {isa = PBXFileReference; fileEncoding = 4; lastKnownFileType = sourcecode.c.objc; path = Message.m; sourceTree = "<group>"; };
		57F210321689C5610084E742 /* Default.png */ = {isa = PBXFileReference; lastKnownFileType = image.png; path = Default.png; sourceTree = "<group>"; };
		57F210331689C5610084E742 /* Default@2x.png */ = {isa = PBXFileReference; lastKnownFileType = image.png; path = "Default@2x.png"; sourceTree = "<group>"; };
		57F210341689C5610084E742 /* Icon.png */ = {isa = PBXFileReference; lastKnownFileType = image.png; path = Icon.png; sourceTree = "<group>"; };
		57F210351689C5610084E742 /* Icon@2x.png */ = {isa = PBXFileReference; lastKnownFileType = image.png; path = "Icon@2x.png"; sourceTree = "<group>"; };
		57F210361689C5610084E742 /* MessageBubbleBlue.png */ = {isa = PBXFileReference; lastKnownFileType = image.png; path = MessageBubbleBlue.png; sourceTree = "<group>"; };
		57F210371689C5610084E742 /* MessageBubbleBlue@2x.png */ = {isa = PBXFileReference; lastKnownFileType = image.png; path = "MessageBubbleBlue@2x.png"; sourceTree = "<group>"; };
		57F210381689C5610084E742 /* MessageBubbleGray.png */ = {isa = PBXFileReference; lastKnownFileType = image.png; path = MessageBubbleGray.png; sourceTree = "<group>"; };
		57F210391689C5610084E742 /* MessageBubbleGray@2x.png */ = {isa = PBXFileReference; lastKnownFileType = image.png; path = "MessageBubbleGray@2x.png"; sourceTree = "<group>"; };
		57F2103A1689C5610084E742 /* MessageBubbleHighlighted.png */ = {isa = PBXFileReference; lastKnownFileType = image.png; path = MessageBubbleHighlighted.png; sourceTree = "<group>"; };
		57F2103B1689C5610084E742 /* MessageBubbleHighlighted@2x.png */ = {isa = PBXFileReference; lastKnownFileType = image.png; path = "MessageBubbleHighlighted@2x.png"; sourceTree = "<group>"; };
		57F2103C1689C5610084E742 /* MessageBubbleTyping.png */ = {isa = PBXFileReference; lastKnownFileType = image.png; path = MessageBubbleTyping.png; sourceTree = "<group>"; };
		57F2103D1689C5610084E742 /* MessageBubbleTyping@2x.png */ = {isa = PBXFileReference; lastKnownFileType = image.png; path = "MessageBubbleTyping@2x.png"; sourceTree = "<group>"; };
		57F2103E1689C5610084E742 /* MessageInputBarBackground.png */ = {isa = PBXFileReference; lastKnownFileType = image.png; path = MessageInputBarBackground.png; sourceTree = "<group>"; };
		57F2103F1689C5610084E742 /* MessageInputBarBackground@2x.png */ = {isa = PBXFileReference; lastKnownFileType = image.png; path = "MessageInputBarBackground@2x.png"; sourceTree = "<group>"; };
		57F210401689C5610084E742 /* MessageInputFieldBackground.png */ = {isa = PBXFileReference; lastKnownFileType = image.png; path = MessageInputFieldBackground.png; sourceTree = "<group>"; };
		57F210411689C5610084E742 /* MessageInputFieldBackground@2x.png */ = {isa = PBXFileReference; lastKnownFileType = image.png; path = "MessageInputFieldBackground@2x.png"; sourceTree = "<group>"; };
		57F210421689C5610084E742 /* MessageReceived.aiff */ = {isa = PBXFileReference; lastKnownFileType = audio.aiff; path = MessageReceived.aiff; sourceTree = "<group>"; };
		57F210431689C5610084E742 /* MessageSent.aiff */ = {isa = PBXFileReference; lastKnownFileType = audio.aiff; path = MessageSent.aiff; sourceTree = "<group>"; };
		57F210441689C5610084E742 /* SendButton.png */ = {isa = PBXFileReference; lastKnownFileType = image.png; path = SendButton.png; sourceTree = "<group>"; };
		57F210451689C5610084E742 /* SendButton@2x.png */ = {isa = PBXFileReference; lastKnownFileType = image.png; path = "SendButton@2x.png"; sourceTree = "<group>"; };
		57F210461689C5610084E742 /* SendButtonHighlighted.png */ = {isa = PBXFileReference; lastKnownFileType = image.png; path = SendButtonHighlighted.png; sourceTree = "<group>"; };
		57F210471689C5610084E742 /* SendButtonHighlighted@2x.png */ = {isa = PBXFileReference; lastKnownFileType = image.png; path = "SendButtonHighlighted@2x.png"; sourceTree = "<group>"; };
		57F210481689C5610084E742 /* UnreadBullet.png */ = {isa = PBXFileReference; lastKnownFileType = image.png; path = UnreadBullet.png; sourceTree = "<group>"; };
		57F210491689C5610084E742 /* UnreadBullet@2x.png */ = {isa = PBXFileReference; lastKnownFileType = image.png; path = "UnreadBullet@2x.png"; sourceTree = "<group>"; };
		57F2104A1689C5610084E742 /* UnreadBulletHighlighted.png */ = {isa = PBXFileReference; lastKnownFileType = image.png; path = UnreadBulletHighlighted.png; sourceTree = "<group>"; };
		57F2104B1689C5610084E742 /* UnreadBulletHighlighted@2x.png */ = {isa = PBXFileReference; lastKnownFileType = image.png; path = "UnreadBulletHighlighted@2x.png"; sourceTree = "<group>"; };
		57F210671689CBCB0084E742 /* AFHTTPClient.h */ = {isa = PBXFileReference; fileEncoding = 4; lastKnownFileType = sourcecode.c.h; path = AFHTTPClient.h; sourceTree = "<group>"; };
		57F210681689CBCB0084E742 /* AFHTTPClient.m */ = {isa = PBXFileReference; fileEncoding = 4; lastKnownFileType = sourcecode.c.objc; path = AFHTTPClient.m; sourceTree = "<group>"; };
		57F210691689CBCB0084E742 /* AFHTTPRequestOperation.h */ = {isa = PBXFileReference; fileEncoding = 4; lastKnownFileType = sourcecode.c.h; path = AFHTTPRequestOperation.h; sourceTree = "<group>"; };
		57F2106A1689CBCB0084E742 /* AFHTTPRequestOperation.m */ = {isa = PBXFileReference; fileEncoding = 4; lastKnownFileType = sourcecode.c.objc; path = AFHTTPRequestOperation.m; sourceTree = "<group>"; };
		57F2106B1689CBCB0084E742 /* AFImageRequestOperation.h */ = {isa = PBXFileReference; fileEncoding = 4; lastKnownFileType = sourcecode.c.h; path = AFImageRequestOperation.h; sourceTree = "<group>"; };
		57F2106C1689CBCB0084E742 /* AFImageRequestOperation.m */ = {isa = PBXFileReference; fileEncoding = 4; lastKnownFileType = sourcecode.c.objc; path = AFImageRequestOperation.m; sourceTree = "<group>"; };
		57F2106D1689CBCB0084E742 /* AFJSONRequestOperation.h */ = {isa = PBXFileReference; fileEncoding = 4; lastKnownFileType = sourcecode.c.h; path = AFJSONRequestOperation.h; sourceTree = "<group>"; };
		57F2106E1689CBCB0084E742 /* AFJSONRequestOperation.m */ = {isa = PBXFileReference; fileEncoding = 4; lastKnownFileType = sourcecode.c.objc; path = AFJSONRequestOperation.m; sourceTree = "<group>"; };
		57F2106F1689CBCB0084E742 /* AFNetworkActivityIndicatorManager.h */ = {isa = PBXFileReference; fileEncoding = 4; lastKnownFileType = sourcecode.c.h; path = AFNetworkActivityIndicatorManager.h; sourceTree = "<group>"; };
		57F210701689CBCB0084E742 /* AFNetworkActivityIndicatorManager.m */ = {isa = PBXFileReference; fileEncoding = 4; lastKnownFileType = sourcecode.c.objc; path = AFNetworkActivityIndicatorManager.m; sourceTree = "<group>"; };
		57F210711689CBCB0084E742 /* AFNetworking.h */ = {isa = PBXFileReference; fileEncoding = 4; lastKnownFileType = sourcecode.c.h; path = AFNetworking.h; sourceTree = "<group>"; };
		57F210721689CBCB0084E742 /* AFPropertyListRequestOperation.h */ = {isa = PBXFileReference; fileEncoding = 4; lastKnownFileType = sourcecode.c.h; path = AFPropertyListRequestOperation.h; sourceTree = "<group>"; };
		57F210731689CBCB0084E742 /* AFPropertyListRequestOperation.m */ = {isa = PBXFileReference; fileEncoding = 4; lastKnownFileType = sourcecode.c.objc; path = AFPropertyListRequestOperation.m; sourceTree = "<group>"; };
		57F210741689CBCB0084E742 /* AFURLConnectionOperation.h */ = {isa = PBXFileReference; fileEncoding = 4; lastKnownFileType = sourcecode.c.h; path = AFURLConnectionOperation.h; sourceTree = "<group>"; };
		57F210751689CBCB0084E742 /* AFURLConnectionOperation.m */ = {isa = PBXFileReference; fileEncoding = 4; lastKnownFileType = sourcecode.c.objc; path = AFURLConnectionOperation.m; sourceTree = "<group>"; };
		57F210761689CBCB0084E742 /* AFXMLRequestOperation.h */ = {isa = PBXFileReference; fileEncoding = 4; lastKnownFileType = sourcecode.c.h; path = AFXMLRequestOperation.h; sourceTree = "<group>"; };
		57F210771689CBCB0084E742 /* AFXMLRequestOperation.m */ = {isa = PBXFileReference; fileEncoding = 4; lastKnownFileType = sourcecode.c.objc; path = AFXMLRequestOperation.m; sourceTree = "<group>"; };
		57F210781689CBCB0084E742 /* UIImageView+AFNetworking.h */ = {isa = PBXFileReference; fileEncoding = 4; lastKnownFileType = sourcecode.c.h; path = "UIImageView+AFNetworking.h"; sourceTree = "<group>"; };
		57F210791689CBCB0084E742 /* UIImageView+AFNetworking.m */ = {isa = PBXFileReference; fileEncoding = 4; lastKnownFileType = sourcecode.c.objc; path = "UIImageView+AFNetworking.m"; sourceTree = "<group>"; };
		57F210851689CD5C0084E742 /* NSString+MD5Addition.h */ = {isa = PBXFileReference; fileEncoding = 4; lastKnownFileType = sourcecode.c.h; path = "NSString+MD5Addition.h"; sourceTree = "<group>"; };
		57F210861689CD5C0084E742 /* NSString+MD5Addition.m */ = {isa = PBXFileReference; fileEncoding = 4; lastKnownFileType = sourcecode.c.objc; path = "NSString+MD5Addition.m"; sourceTree = "<group>"; };
		57F210871689CD5C0084E742 /* UIDevice+IdentifierAddition.h */ = {isa = PBXFileReference; fileEncoding = 4; lastKnownFileType = sourcecode.c.h; path = "UIDevice+IdentifierAddition.h"; sourceTree = "<group>"; };
		57F210881689CD5C0084E742 /* UIDevice+IdentifierAddition.m */ = {isa = PBXFileReference; fileEncoding = 4; lastKnownFileType = sourcecode.c.objc; path = "UIDevice+IdentifierAddition.m"; sourceTree = "<group>"; };
		57F210C51689DB040084E742 /* bubbleMine.png */ = {isa = PBXFileReference; lastKnownFileType = image.png; path = bubbleMine.png; sourceTree = "<group>"; };
		57F210C61689DB040084E742 /* bubbleMine@2x.png */ = {isa = PBXFileReference; lastKnownFileType = image.png; path = "bubbleMine@2x.png"; sourceTree = "<group>"; };
		57F210C71689DB040084E742 /* bubbleSomeone.png */ = {isa = PBXFileReference; lastKnownFileType = image.png; path = bubbleSomeone.png; sourceTree = "<group>"; };
		57F210C81689DB040084E742 /* bubbleSomeone@2x.png */ = {isa = PBXFileReference; lastKnownFileType = image.png; path = "bubbleSomeone@2x.png"; sourceTree = "<group>"; };
		57F210C91689DB040084E742 /* missingAvatar.png */ = {isa = PBXFileReference; lastKnownFileType = image.png; path = missingAvatar.png; sourceTree = "<group>"; };
		57F210CA1689DB040084E742 /* missingAvatar@2x.png */ = {isa = PBXFileReference; lastKnownFileType = image.png; path = "missingAvatar@2x.png"; sourceTree = "<group>"; };
		57F210CB1689DB040084E742 /* typingMine.png */ = {isa = PBXFileReference; lastKnownFileType = image.png; path = typingMine.png; sourceTree = "<group>"; };
		57F210CC1689DB040084E742 /* typingMine@2x.png */ = {isa = PBXFileReference; lastKnownFileType = image.png; path = "typingMine@2x.png"; sourceTree = "<group>"; };
		57F210CD1689DB040084E742 /* typingSomeone.png */ = {isa = PBXFileReference; lastKnownFileType = image.png; path = typingSomeone.png; sourceTree = "<group>"; };
		57F210CE1689DB040084E742 /* typingSomeone@2x.png */ = {isa = PBXFileReference; lastKnownFileType = image.png; path = "typingSomeone@2x.png"; sourceTree = "<group>"; };
		57F210D61689DB040084E742 /* NSBubbleData.h */ = {isa = PBXFileReference; fileEncoding = 4; lastKnownFileType = sourcecode.c.h; path = NSBubbleData.h; sourceTree = "<group>"; };
		57F210D71689DB040084E742 /* NSBubbleData.m */ = {isa = PBXFileReference; fileEncoding = 4; lastKnownFileType = sourcecode.c.objc; path = NSBubbleData.m; sourceTree = "<group>"; };
		57F210D81689DB040084E742 /* UIBubbleHeaderTableViewCell.h */ = {isa = PBXFileReference; fileEncoding = 4; lastKnownFileType = sourcecode.c.h; path = UIBubbleHeaderTableViewCell.h; sourceTree = "<group>"; };
		57F210D91689DB040084E742 /* UIBubbleHeaderTableViewCell.m */ = {isa = PBXFileReference; fileEncoding = 4; lastKnownFileType = sourcecode.c.objc; path = UIBubbleHeaderTableViewCell.m; sourceTree = "<group>"; };
		57F210DA1689DB040084E742 /* UIBubbleTableView.h */ = {isa = PBXFileReference; fileEncoding = 4; lastKnownFileType = sourcecode.c.h; path = UIBubbleTableView.h; sourceTree = "<group>"; };
		57F210DB1689DB040084E742 /* UIBubbleTableView.m */ = {isa = PBXFileReference; fileEncoding = 4; lastKnownFileType = sourcecode.c.objc; path = UIBubbleTableView.m; sourceTree = "<group>"; };
		57F210DC1689DB040084E742 /* UIBubbleTableViewCell.h */ = {isa = PBXFileReference; fileEncoding = 4; lastKnownFileType = sourcecode.c.h; path = UIBubbleTableViewCell.h; sourceTree = "<group>"; };
		57F210DD1689DB040084E742 /* UIBubbleTableViewCell.m */ = {isa = PBXFileReference; fileEncoding = 4; lastKnownFileType = sourcecode.c.objc; path = UIBubbleTableViewCell.m; sourceTree = "<group>"; };
		57F210DE1689DB040084E742 /* UIBubbleTableViewDataSource.h */ = {isa = PBXFileReference; fileEncoding = 4; lastKnownFileType = sourcecode.c.h; path = UIBubbleTableViewDataSource.h; sourceTree = "<group>"; };
		57F210DF1689DB040084E742 /* UIBubbleTypingTableViewCell.h */ = {isa = PBXFileReference; fileEncoding = 4; lastKnownFileType = sourcecode.c.h; path = UIBubbleTypingTableViewCell.h; sourceTree = "<group>"; };
		57F210E01689DB040084E742 /* UIBubbleTypingTableViewCell.m */ = {isa = PBXFileReference; fileEncoding = 4; lastKnownFileType = sourcecode.c.objc; path = UIBubbleTypingTableViewCell.m; sourceTree = "<group>"; };
		57F211071689DB440084E742 /* ViewController.h */ = {isa = PBXFileReference; fileEncoding = 4; lastKnownFileType = sourcecode.c.h; path = ViewController.h; sourceTree = "<group>"; };
		57F211081689DB440084E742 /* ViewController.m */ = {isa = PBXFileReference; fileEncoding = 4; lastKnownFileType = sourcecode.c.objc; path = ViewController.m; sourceTree = "<group>"; };
		57F2110A1689DBAB0084E742 /* ViewController.xib */ = {isa = PBXFileReference; fileEncoding = 4; lastKnownFileType = file.xib; path = ViewController.xib; sourceTree = "<group>"; };
		57F2110F1689EB4E0084E742 /* SDImageCache.h */ = {isa = PBXFileReference; fileEncoding = 4; lastKnownFileType = sourcecode.c.h; path = SDImageCache.h; sourceTree = "<group>"; };
		57F211101689EB4E0084E742 /* SDImageCache.m */ = {isa = PBXFileReference; fileEncoding = 4; lastKnownFileType = sourcecode.c.objc; path = SDImageCache.m; sourceTree = "<group>"; };
		57F211111689EB4E0084E742 /* SDWebImageCompat.h */ = {isa = PBXFileReference; fileEncoding = 4; lastKnownFileType = sourcecode.c.h; path = SDWebImageCompat.h; sourceTree = "<group>"; };
		57F211121689EB4E0084E742 /* SDWebImageCompat.m */ = {isa = PBXFileReference; fileEncoding = 4; lastKnownFileType = sourcecode.c.objc; path = SDWebImageCompat.m; sourceTree = "<group>"; };
		57F211131689EB4E0084E742 /* SDWebImageDecoder.h */ = {isa = PBXFileReference; fileEncoding = 4; lastKnownFileType = sourcecode.c.h; path = SDWebImageDecoder.h; sourceTree = "<group>"; };
		57F211141689EB4E0084E742 /* SDWebImageDecoder.m */ = {isa = PBXFileReference; fileEncoding = 4; lastKnownFileType = sourcecode.c.objc; path = SDWebImageDecoder.m; sourceTree = "<group>"; };
		57F211151689EB4E0084E742 /* SDWebImageDownloader.h */ = {isa = PBXFileReference; fileEncoding = 4; lastKnownFileType = sourcecode.c.h; path = SDWebImageDownloader.h; sourceTree = "<group>"; };
		57F211161689EB4E0084E742 /* SDWebImageDownloader.m */ = {isa = PBXFileReference; fileEncoding = 4; lastKnownFileType = sourcecode.c.objc; path = SDWebImageDownloader.m; sourceTree = "<group>"; };
		57F211171689EB4E0084E742 /* SDWebImageDownloaderOperation.h */ = {isa = PBXFileReference; fileEncoding = 4; lastKnownFileType = sourcecode.c.h; path = SDWebImageDownloaderOperation.h; sourceTree = "<group>"; };
		57F211181689EB4E0084E742 /* SDWebImageDownloaderOperation.m */ = {isa = PBXFileReference; fileEncoding = 4; lastKnownFileType = sourcecode.c.objc; path = SDWebImageDownloaderOperation.m; sourceTree = "<group>"; };
		57F211191689EB4E0084E742 /* SDWebImageManager.h */ = {isa = PBXFileReference; fileEncoding = 4; lastKnownFileType = sourcecode.c.h; path = SDWebImageManager.h; sourceTree = "<group>"; };
		57F2111A1689EB4E0084E742 /* SDWebImageManager.m */ = {isa = PBXFileReference; fileEncoding = 4; lastKnownFileType = sourcecode.c.objc; path = SDWebImageManager.m; sourceTree = "<group>"; };
		57F2111B1689EB4E0084E742 /* SDWebImageOperation.h */ = {isa = PBXFileReference; fileEncoding = 4; lastKnownFileType = sourcecode.c.h; path = SDWebImageOperation.h; sourceTree = "<group>"; };
		57F2111C1689EB4E0084E742 /* SDWebImagePrefetcher.h */ = {isa = PBXFileReference; fileEncoding = 4; lastKnownFileType = sourcecode.c.h; path = SDWebImagePrefetcher.h; sourceTree = "<group>"; };
		57F2111D1689EB4E0084E742 /* SDWebImagePrefetcher.m */ = {isa = PBXFileReference; fileEncoding = 4; lastKnownFileType = sourcecode.c.objc; path = SDWebImagePrefetcher.m; sourceTree = "<group>"; };
		57F2111E1689EB4E0084E742 /* UIButton+WebCache.h */ = {isa = PBXFileReference; fileEncoding = 4; lastKnownFileType = sourcecode.c.h; path = "UIButton+WebCache.h"; sourceTree = "<group>"; };
		57F2111F1689EB4E0084E742 /* UIButton+WebCache.m */ = {isa = PBXFileReference; fileEncoding = 4; lastKnownFileType = sourcecode.c.objc; path = "UIButton+WebCache.m"; sourceTree = "<group>"; };
		57F211201689EB4E0084E742 /* UIImageView+WebCache.h */ = {isa = PBXFileReference; fileEncoding = 4; lastKnownFileType = sourcecode.c.h; path = "UIImageView+WebCache.h"; sourceTree = "<group>"; };
		57F211211689EB4E0084E742 /* UIImageView+WebCache.m */ = {isa = PBXFileReference; fileEncoding = 4; lastKnownFileType = sourcecode.c.objc; path = "UIImageView+WebCache.m"; sourceTree = "<group>"; };
		57F2112C1689ECDD0084E742 /* ImageIO.framework */ = {isa = PBXFileReference; lastKnownFileType = wrapper.framework; name = ImageIO.framework; path = System/Library/Frameworks/ImageIO.framework; sourceTree = SDKROOT; };
		57F211301689EF7E0084E742 /* AFImageRequestOperation+OLImage.h */ = {isa = PBXFileReference; fileEncoding = 4; lastKnownFileType = sourcecode.c.h; path = "AFImageRequestOperation+OLImage.h"; sourceTree = "<group>"; };
		57F211311689EF7E0084E742 /* AFImageRequestOperation+OLImage.m */ = {isa = PBXFileReference; fileEncoding = 4; lastKnownFileType = sourcecode.c.objc; path = "AFImageRequestOperation+OLImage.m"; sourceTree = "<group>"; };
		57F211341689EF7E0084E742 /* OLImage.h */ = {isa = PBXFileReference; fileEncoding = 4; lastKnownFileType = sourcecode.c.h; path = OLImage.h; sourceTree = "<group>"; };
		57F211351689EF7E0084E742 /* OLImage.m */ = {isa = PBXFileReference; fileEncoding = 4; lastKnownFileType = sourcecode.c.objc; path = OLImage.m; sourceTree = "<group>"; };
		57F211361689EF7E0084E742 /* OLImageView.h */ = {isa = PBXFileReference; fileEncoding = 4; lastKnownFileType = sourcecode.c.h; path = OLImageView.h; sourceTree = "<group>"; };
		57F211371689EF7E0084E742 /* OLImageView.m */ = {isa = PBXFileReference; fileEncoding = 4; lastKnownFileType = sourcecode.c.objc; path = OLImageView.m; sourceTree = "<group>"; };
		57F211811689F0220084E742 /* MobileCoreServices.framework */ = {isa = PBXFileReference; lastKnownFileType = wrapper.framework; name = MobileCoreServices.framework; path = System/Library/Frameworks/MobileCoreServices.framework; sourceTree = SDKROOT; };
		57F211831689F5D80084E742 /* MediaPlayer.framework */ = {isa = PBXFileReference; lastKnownFileType = wrapper.framework; name = MediaPlayer.framework; path = System/Library/Frameworks/MediaPlayer.framework; sourceTree = SDKROOT; };
		57F211891689F60D0084E742 /* LBYouTube.h */ = {isa = PBXFileReference; fileEncoding = 4; lastKnownFileType = sourcecode.c.h; path = LBYouTube.h; sourceTree = "<group>"; };
		57F2118A1689F60D0084E742 /* LBYouTubeExtractor.h */ = {isa = PBXFileReference; fileEncoding = 4; lastKnownFileType = sourcecode.c.h; path = LBYouTubeExtractor.h; sourceTree = "<group>"; };
		57F2118B1689F60D0084E742 /* LBYouTubeExtractor.m */ = {isa = PBXFileReference; fileEncoding = 4; lastKnownFileType = sourcecode.c.objc; path = LBYouTubeExtractor.m; sourceTree = "<group>"; };
		57F2118C1689F60D0084E742 /* LBYouTubePlayerController.h */ = {isa = PBXFileReference; fileEncoding = 4; lastKnownFileType = sourcecode.c.h; path = LBYouTubePlayerController.h; sourceTree = "<group>"; };
		57F2118D1689F60D0084E742 /* LBYouTubePlayerController.m */ = {isa = PBXFileReference; fileEncoding = 4; lastKnownFileType = sourcecode.c.objc; path = LBYouTubePlayerController.m; sourceTree = "<group>"; };
		57FD703D168E8E25006BA28E /* hubot.png */ = {isa = PBXFileReference; lastKnownFileType = image.png; path = hubot.png; sourceTree = "<group>"; };
		57FD703F168E8E27006BA28E /* hubot@2x.png */ = {isa = PBXFileReference; lastKnownFileType = image.png; path = "hubot@2x.png"; sourceTree = "<group>"; };
		57FD7041168E8EE4006BA28E /* Settings.bundle */ = {isa = PBXFileReference; lastKnownFileType = "wrapper.plug-in"; path = Settings.bundle; sourceTree = "<group>"; };
/* End PBXFileReference section */

/* Begin PBXFrameworksBuildPhase section */
		57F20F531689B4E30084E742 /* Frameworks */ = {
			isa = PBXFrameworksBuildPhase;
			buildActionMask = 2147483647;
			files = (
				57F211841689F5D80084E742 /* MediaPlayer.framework in Frameworks */,
				57F211821689F0220084E742 /* MobileCoreServices.framework in Frameworks */,
				57F2112D1689ECDD0084E742 /* ImageIO.framework in Frameworks */,
				57F20F5B1689B4E30084E742 /* UIKit.framework in Frameworks */,
				57F20F5D1689B4E30084E742 /* Foundation.framework in Frameworks */,
				57F20F5F1689B4E30084E742 /* CoreGraphics.framework in Frameworks */,
				57F20F611689B4E30084E742 /* CoreData.framework in Frameworks */,
			);
			runOnlyForDeploymentPostprocessing = 0;
		};
		57F20F781689B4E30084E742 /* Frameworks */ = {
			isa = PBXFrameworksBuildPhase;
			buildActionMask = 2147483647;
			files = (
				57F20F7E1689B4E30084E742 /* SenTestingKit.framework in Frameworks */,
				57F20F7F1689B4E30084E742 /* UIKit.framework in Frameworks */,
				57F20F801689B4E30084E742 /* Foundation.framework in Frameworks */,
				57F20F811689B4E30084E742 /* CoreData.framework in Frameworks */,
			);
			runOnlyForDeploymentPostprocessing = 0;
		};
/* End PBXFrameworksBuildPhase section */

/* Begin PBXGroup section */
		57F20F4B1689B4E30084E742 = {
			isa = PBXGroup;
			children = (
				5725E9D1168E998A00FFACF9 /* Default-568h@2x.png */,
				5725E9CF168E998700FFACF9 /* Default@2x.png */,
				5725E9CD168E998200FFACF9 /* Default.png */,
				57FD703F168E8E27006BA28E /* hubot@2x.png */,
				57FD703D168E8E25006BA28E /* hubot.png */,
				57F210311689C5610084E742 /* Resources */,
				57F20FAC1689B7510084E742 /* Vendor */,
				57F20F621689B4E30084E742 /* iHubot */,
				57F20F841689B4E30084E742 /* iHubotTests */,
				57F20F591689B4E30084E742 /* Frameworks */,
				57F20F571689B4E30084E742 /* Products */,
			);
			sourceTree = "<group>";
		};
		57F20F571689B4E30084E742 /* Products */ = {
			isa = PBXGroup;
			children = (
				57F20F561689B4E30084E742 /* iHubot.app */,
				57F20F7C1689B4E30084E742 /* iHubotTests.octest */,
			);
			name = Products;
			sourceTree = "<group>";
		};
		57F20F591689B4E30084E742 /* Frameworks */ = {
			isa = PBXGroup;
			children = (
				57F211831689F5D80084E742 /* MediaPlayer.framework */,
				57F211811689F0220084E742 /* MobileCoreServices.framework */,
				57F2112C1689ECDD0084E742 /* ImageIO.framework */,
				57F20F5A1689B4E30084E742 /* UIKit.framework */,
				57F20F5C1689B4E30084E742 /* Foundation.framework */,
				57F20F5E1689B4E30084E742 /* CoreGraphics.framework */,
				57F20F601689B4E30084E742 /* CoreData.framework */,
				57F20F7D1689B4E30084E742 /* SenTestingKit.framework */,
			);
			name = Frameworks;
			sourceTree = "<group>";
		};
		57F20F621689B4E30084E742 /* iHubot */ = {
			isa = PBXGroup;
			children = (
				57F211071689DB440084E742 /* ViewController.h */,
				57F211081689DB440084E742 /* ViewController.m */,
				57F2110A1689DBAB0084E742 /* ViewController.xib */,
				57F20F961689B55C0084E742 /* Message.h */,
				57F20F971689B55C0084E742 /* Message.m */,
				57F20F6B1689B4E30084E742 /* AppDelegate.h */,
				57F20F6C1689B4E30084E742 /* AppDelegate.m */,
				57F20F741689B4E30084E742 /* iHubot.xcdatamodeld */,
				57F20F631689B4E30084E742 /* Supporting Files */,
			);
			path = iHubot;
			sourceTree = "<group>";
		};
		57F20F631689B4E30084E742 /* Supporting Files */ = {
			isa = PBXGroup;
			children = (
				57F20F641689B4E30084E742 /* iHubot-Info.plist */,
				57F20F651689B4E30084E742 /* InfoPlist.strings */,
				57F20F681689B4E30084E742 /* main.m */,
				57F20F6A1689B4E30084E742 /* iHubot-Prefix.pch */,
				57F20F6E1689B4E30084E742 /* Default.png */,
				57F20F701689B4E30084E742 /* Default@2x.png */,
				57F20F721689B4E30084E742 /* Default-568h@2x.png */,
				57FD7041168E8EE4006BA28E /* Settings.bundle */,
			);
			name = "Supporting Files";
			sourceTree = "<group>";
		};
		57F20F841689B4E30084E742 /* iHubotTests */ = {
			isa = PBXGroup;
			children = (
				57F20F8A1689B4E30084E742 /* iHubotTests.h */,
				57F20F8B1689B4E30084E742 /* iHubotTests.m */,
				57F20F851689B4E30084E742 /* Supporting Files */,
			);
			path = iHubotTests;
			sourceTree = "<group>";
		};
		57F20F851689B4E30084E742 /* Supporting Files */ = {
			isa = PBXGroup;
			children = (
				57F20F861689B4E30084E742 /* iHubotTests-Info.plist */,
				57F20F871689B4E30084E742 /* InfoPlist.strings */,
			);
			name = "Supporting Files";
			sourceTree = "<group>";
		};
		57F20FAC1689B7510084E742 /* Vendor */ = {
			isa = PBXGroup;
			children = (
				57F211851689F60D0084E742 /* LBYouTubeView */,
				57F2112E1689EF7E0084E742 /* OLImageView */,
				57F2110C1689EB4E0084E742 /* SDWebImage */,
				57F210AE1689DB040084E742 /* UIBubbleTableView */,
				57F210831689CD5C0084E742 /* UIDevice-with-UniqueIdentifier-for-iOS-5 */,
				57F210661689CBCB0084E742 /* AFNetworking */,
			);
			path = Vendor;
			sourceTree = "<group>";
		};
		57F210311689C5610084E742 /* Resources */ = {
			isa = PBXGroup;
			children = (
				57F210321689C5610084E742 /* Default.png */,
				57F210331689C5610084E742 /* Default@2x.png */,
				57F210341689C5610084E742 /* Icon.png */,
				57F210351689C5610084E742 /* Icon@2x.png */,
				57F210361689C5610084E742 /* MessageBubbleBlue.png */,
				57F210371689C5610084E742 /* MessageBubbleBlue@2x.png */,
				57F210381689C5610084E742 /* MessageBubbleGray.png */,
				57F210391689C5610084E742 /* MessageBubbleGray@2x.png */,
				57F2103A1689C5610084E742 /* MessageBubbleHighlighted.png */,
				57F2103B1689C5610084E742 /* MessageBubbleHighlighted@2x.png */,
				57F2103C1689C5610084E742 /* MessageBubbleTyping.png */,
				57F2103D1689C5610084E742 /* MessageBubbleTyping@2x.png */,
				57F2103E1689C5610084E742 /* MessageInputBarBackground.png */,
				57F2103F1689C5610084E742 /* MessageInputBarBackground@2x.png */,
				57F210401689C5610084E742 /* MessageInputFieldBackground.png */,
				57F210411689C5610084E742 /* MessageInputFieldBackground@2x.png */,
				57F210421689C5610084E742 /* MessageReceived.aiff */,
				57F210431689C5610084E742 /* MessageSent.aiff */,
				57F210441689C5610084E742 /* SendButton.png */,
				57F210451689C5610084E742 /* SendButton@2x.png */,
				57F210461689C5610084E742 /* SendButtonHighlighted.png */,
				57F210471689C5610084E742 /* SendButtonHighlighted@2x.png */,
				57F210481689C5610084E742 /* UnreadBullet.png */,
				57F210491689C5610084E742 /* UnreadBullet@2x.png */,
				57F2104A1689C5610084E742 /* UnreadBulletHighlighted.png */,
				57F2104B1689C5610084E742 /* UnreadBulletHighlighted@2x.png */,
			);
			name = Resources;
			path = iHubot/Resources;
			sourceTree = "<group>";
		};
		57F210661689CBCB0084E742 /* AFNetworking */ = {
			isa = PBXGroup;
			children = (
				57F210671689CBCB0084E742 /* AFHTTPClient.h */,
				57F210681689CBCB0084E742 /* AFHTTPClient.m */,
				57F210691689CBCB0084E742 /* AFHTTPRequestOperation.h */,
				57F2106A1689CBCB0084E742 /* AFHTTPRequestOperation.m */,
				57F2106B1689CBCB0084E742 /* AFImageRequestOperation.h */,
				57F2106C1689CBCB0084E742 /* AFImageRequestOperation.m */,
				57F2106D1689CBCB0084E742 /* AFJSONRequestOperation.h */,
				57F2106E1689CBCB0084E742 /* AFJSONRequestOperation.m */,
				57F2106F1689CBCB0084E742 /* AFNetworkActivityIndicatorManager.h */,
				57F210701689CBCB0084E742 /* AFNetworkActivityIndicatorManager.m */,
				57F210711689CBCB0084E742 /* AFNetworking.h */,
				57F210721689CBCB0084E742 /* AFPropertyListRequestOperation.h */,
				57F210731689CBCB0084E742 /* AFPropertyListRequestOperation.m */,
				57F210741689CBCB0084E742 /* AFURLConnectionOperation.h */,
				57F210751689CBCB0084E742 /* AFURLConnectionOperation.m */,
				57F210761689CBCB0084E742 /* AFXMLRequestOperation.h */,
				57F210771689CBCB0084E742 /* AFXMLRequestOperation.m */,
				57F210781689CBCB0084E742 /* UIImageView+AFNetworking.h */,
				57F210791689CBCB0084E742 /* UIImageView+AFNetworking.m */,
			);
			name = AFNetworking;
			path = AFNetworking/AFNetworking;
			sourceTree = "<group>";
		};
		57F210831689CD5C0084E742 /* UIDevice-with-UniqueIdentifier-for-iOS-5 */ = {
			isa = PBXGroup;
			children = (
				57F210841689CD5C0084E742 /* Classes */,
			);
			path = "UIDevice-with-UniqueIdentifier-for-iOS-5";
			sourceTree = "<group>";
		};
		57F210841689CD5C0084E742 /* Classes */ = {
			isa = PBXGroup;
			children = (
				57F210851689CD5C0084E742 /* NSString+MD5Addition.h */,
				57F210861689CD5C0084E742 /* NSString+MD5Addition.m */,
				57F210871689CD5C0084E742 /* UIDevice+IdentifierAddition.h */,
				57F210881689CD5C0084E742 /* UIDevice+IdentifierAddition.m */,
			);
			path = Classes;
			sourceTree = "<group>";
		};
		57F210AE1689DB040084E742 /* UIBubbleTableView */ = {
			isa = PBXGroup;
			children = (
				57F210C41689DB040084E742 /* images */,
				57F210D51689DB040084E742 /* src */,
			);
			path = UIBubbleTableView;
			sourceTree = "<group>";
		};
		57F210C41689DB040084E742 /* images */ = {
			isa = PBXGroup;
			children = (
				57F210C51689DB040084E742 /* bubbleMine.png */,
				57F210C61689DB040084E742 /* bubbleMine@2x.png */,
				57F210C71689DB040084E742 /* bubbleSomeone.png */,
				57F210C81689DB040084E742 /* bubbleSomeone@2x.png */,
				57F210C91689DB040084E742 /* missingAvatar.png */,
				57F210CA1689DB040084E742 /* missingAvatar@2x.png */,
				57F210CB1689DB040084E742 /* typingMine.png */,
				57F210CC1689DB040084E742 /* typingMine@2x.png */,
				57F210CD1689DB040084E742 /* typingSomeone.png */,
				57F210CE1689DB040084E742 /* typingSomeone@2x.png */,
			);
			path = images;
			sourceTree = "<group>";
		};
		57F210D51689DB040084E742 /* src */ = {
			isa = PBXGroup;
			children = (
				57F210D61689DB040084E742 /* NSBubbleData.h */,
				57F210D71689DB040084E742 /* NSBubbleData.m */,
				57F210D81689DB040084E742 /* UIBubbleHeaderTableViewCell.h */,
				57F210D91689DB040084E742 /* UIBubbleHeaderTableViewCell.m */,
				57F210DA1689DB040084E742 /* UIBubbleTableView.h */,
				57F210DB1689DB040084E742 /* UIBubbleTableView.m */,
				57F210DC1689DB040084E742 /* UIBubbleTableViewCell.h */,
				57F210DD1689DB040084E742 /* UIBubbleTableViewCell.m */,
				57F210DE1689DB040084E742 /* UIBubbleTableViewDataSource.h */,
				57F210DF1689DB040084E742 /* UIBubbleTypingTableViewCell.h */,
				57F210E01689DB040084E742 /* UIBubbleTypingTableViewCell.m */,
			);
			path = src;
			sourceTree = "<group>";
		};
		57F2110C1689EB4E0084E742 /* SDWebImage */ = {
			isa = PBXGroup;
			children = (
				57F2110F1689EB4E0084E742 /* SDImageCache.h */,
				57F211101689EB4E0084E742 /* SDImageCache.m */,
				57F211111689EB4E0084E742 /* SDWebImageCompat.h */,
				57F211121689EB4E0084E742 /* SDWebImageCompat.m */,
				57F211131689EB4E0084E742 /* SDWebImageDecoder.h */,
				57F211141689EB4E0084E742 /* SDWebImageDecoder.m */,
				57F211151689EB4E0084E742 /* SDWebImageDownloader.h */,
				57F211161689EB4E0084E742 /* SDWebImageDownloader.m */,
				57F211171689EB4E0084E742 /* SDWebImageDownloaderOperation.h */,
				57F211181689EB4E0084E742 /* SDWebImageDownloaderOperation.m */,
				57F211191689EB4E0084E742 /* SDWebImageManager.h */,
				57F2111A1689EB4E0084E742 /* SDWebImageManager.m */,
				57F2111B1689EB4E0084E742 /* SDWebImageOperation.h */,
				57F2111C1689EB4E0084E742 /* SDWebImagePrefetcher.h */,
				57F2111D1689EB4E0084E742 /* SDWebImagePrefetcher.m */,
				57F2111E1689EB4E0084E742 /* UIButton+WebCache.h */,
				57F2111F1689EB4E0084E742 /* UIButton+WebCache.m */,
				57F211201689EB4E0084E742 /* UIImageView+WebCache.h */,
				57F211211689EB4E0084E742 /* UIImageView+WebCache.m */,
			);
			name = SDWebImage;
			path = SDWebImage/SDWebImage;
			sourceTree = "<group>";
		};
		57F2112E1689EF7E0084E742 /* OLImageView */ = {
			isa = PBXGroup;
			children = (
				57F2112F1689EF7E0084E742 /* Categories */,
				57F211341689EF7E0084E742 /* OLImage.h */,
				57F211351689EF7E0084E742 /* OLImage.m */,
				57F211361689EF7E0084E742 /* OLImageView.h */,
				57F211371689EF7E0084E742 /* OLImageView.m */,
			);
			path = OLImageView;
			sourceTree = "<group>";
		};
		57F2112F1689EF7E0084E742 /* Categories */ = {
			isa = PBXGroup;
			children = (
				57F211301689EF7E0084E742 /* AFImageRequestOperation+OLImage.h */,
				57F211311689EF7E0084E742 /* AFImageRequestOperation+OLImage.m */,
			);
			path = Categories;
			sourceTree = "<group>";
		};
		57F211851689F60D0084E742 /* LBYouTubeView */ = {
			isa = PBXGroup;
			children = (
				57F211881689F60D0084E742 /* LBYouTubeView */,
			);
			path = LBYouTubeView;
			sourceTree = "<group>";
		};
		57F211881689F60D0084E742 /* LBYouTubeView */ = {
			isa = PBXGroup;
			children = (
				57F211891689F60D0084E742 /* LBYouTube.h */,
				57F2118A1689F60D0084E742 /* LBYouTubeExtractor.h */,
				57F2118B1689F60D0084E742 /* LBYouTubeExtractor.m */,
				57F2118C1689F60D0084E742 /* LBYouTubePlayerController.h */,
				57F2118D1689F60D0084E742 /* LBYouTubePlayerController.m */,
			);
			path = LBYouTubeView;
			sourceTree = "<group>";
		};
/* End PBXGroup section */

/* Begin PBXNativeTarget section */
		57F20F551689B4E30084E742 /* iHubot */ = {
			isa = PBXNativeTarget;
			buildConfigurationList = 57F20F8F1689B4E30084E742 /* Build configuration list for PBXNativeTarget "iHubot" */;
			buildPhases = (
				57F20F521689B4E30084E742 /* Sources */,
				57F20F531689B4E30084E742 /* Frameworks */,
				57F20F541689B4E30084E742 /* Resources */,
			);
			buildRules = (
			);
			dependencies = (
			);
			name = iHubot;
			productName = iHubot;
			productReference = 57F20F561689B4E30084E742 /* iHubot.app */;
			productType = "com.apple.product-type.application";
		};
		57F20F7B1689B4E30084E742 /* iHubotTests */ = {
			isa = PBXNativeTarget;
			buildConfigurationList = 57F20F921689B4E30084E742 /* Build configuration list for PBXNativeTarget "iHubotTests" */;
			buildPhases = (
				57F20F771689B4E30084E742 /* Sources */,
				57F20F781689B4E30084E742 /* Frameworks */,
				57F20F791689B4E30084E742 /* Resources */,
				57F20F7A1689B4E30084E742 /* ShellScript */,
			);
			buildRules = (
			);
			dependencies = (
				57F20F831689B4E30084E742 /* PBXTargetDependency */,
			);
			name = iHubotTests;
			productName = iHubotTests;
			productReference = 57F20F7C1689B4E30084E742 /* iHubotTests.octest */;
			productType = "com.apple.product-type.bundle";
		};
/* End PBXNativeTarget section */

/* Begin PBXProject section */
		57F20F4D1689B4E30084E742 /* Project object */ = {
			isa = PBXProject;
			attributes = {
				LastUpgradeCheck = 0450;
				ORGANIZATIONNAME = "Sergey Klimov";
			};
			buildConfigurationList = 57F20F501689B4E30084E742 /* Build configuration list for PBXProject "iHubot" */;
			compatibilityVersion = "Xcode 3.2";
			developmentRegion = English;
			hasScannedForEncodings = 0;
			knownRegions = (
				en,
			);
			mainGroup = 57F20F4B1689B4E30084E742;
			productRefGroup = 57F20F571689B4E30084E742 /* Products */;
			projectDirPath = "";
			projectRoot = "";
			targets = (
				57F20F551689B4E30084E742 /* iHubot */,
				57F20F7B1689B4E30084E742 /* iHubotTests */,
			);
		};
/* End PBXProject section */

/* Begin PBXResourcesBuildPhase section */
		57F20F541689B4E30084E742 /* Resources */ = {
			isa = PBXResourcesBuildPhase;
			buildActionMask = 2147483647;
			files = (
				57F20F671689B4E30084E742 /* InfoPlist.strings in Resources */,
				57F20F6F1689B4E30084E742 /* Default.png in Resources */,
				57F20F711689B4E30084E742 /* Default@2x.png in Resources */,
				57F20F731689B4E30084E742 /* Default-568h@2x.png in Resources */,
				57F2104C1689C5610084E742 /* Default.png in Resources */,
				57F2104D1689C5610084E742 /* Default@2x.png in Resources */,
				57F2104E1689C5610084E742 /* Icon.png in Resources */,
				57F2104F1689C5610084E742 /* Icon@2x.png in Resources */,
				57F210501689C5610084E742 /* MessageBubbleBlue.png in Resources */,
				57F210511689C5610084E742 /* MessageBubbleBlue@2x.png in Resources */,
				57F210521689C5610084E742 /* MessageBubbleGray.png in Resources */,
				57F210531689C5610084E742 /* MessageBubbleGray@2x.png in Resources */,
				57F210541689C5610084E742 /* MessageBubbleHighlighted.png in Resources */,
				57F210551689C5610084E742 /* MessageBubbleHighlighted@2x.png in Resources */,
				57F210561689C5610084E742 /* MessageBubbleTyping.png in Resources */,
				57F210571689C5610084E742 /* MessageBubbleTyping@2x.png in Resources */,
				57F210581689C5610084E742 /* MessageInputBarBackground.png in Resources */,
				57F210591689C5610084E742 /* MessageInputBarBackground@2x.png in Resources */,
				57F2105A1689C5610084E742 /* MessageInputFieldBackground.png in Resources */,
				57F2105B1689C5610084E742 /* MessageInputFieldBackground@2x.png in Resources */,
				57F2105C1689C5610084E742 /* MessageReceived.aiff in Resources */,
				57F2105D1689C5610084E742 /* MessageSent.aiff in Resources */,
				57F2105E1689C5610084E742 /* SendButton.png in Resources */,
				57F2105F1689C5610084E742 /* SendButton@2x.png in Resources */,
				57F210601689C5610084E742 /* SendButtonHighlighted.png in Resources */,
				57F210611689C5610084E742 /* SendButtonHighlighted@2x.png in Resources */,
				57F210621689C5610084E742 /* UnreadBullet.png in Resources */,
				57F210631689C5610084E742 /* UnreadBullet@2x.png in Resources */,
				57F210641689C5610084E742 /* UnreadBulletHighlighted.png in Resources */,
				57F210651689C5610084E742 /* UnreadBulletHighlighted@2x.png in Resources */,
				57F210F01689DB040084E742 /* bubbleMine.png in Resources */,
				57F210F11689DB040084E742 /* bubbleMine@2x.png in Resources */,
				57F210F21689DB040084E742 /* bubbleSomeone.png in Resources */,
				57F210F31689DB040084E742 /* bubbleSomeone@2x.png in Resources */,
				57F210F41689DB040084E742 /* missingAvatar.png in Resources */,
				57F210F51689DB040084E742 /* missingAvatar@2x.png in Resources */,
				57F210F61689DB040084E742 /* typingMine.png in Resources */,
				57F210F71689DB040084E742 /* typingMine@2x.png in Resources */,
				57F210F81689DB040084E742 /* typingSomeone.png in Resources */,
				57F210F91689DB040084E742 /* typingSomeone@2x.png in Resources */,
				57F2110B1689DBAB0084E742 /* ViewController.xib in Resources */,
				57FD703E168E8E25006BA28E /* hubot.png in Resources */,
				57FD7040168E8E27006BA28E /* hubot@2x.png in Resources */,
				57FD7042168E8EE4006BA28E /* Settings.bundle in Resources */,
				5725E9CE168E998200FFACF9 /* Default.png in Resources */,
				5725E9D0168E998700FFACF9 /* Default@2x.png in Resources */,
				5725E9D2168E998A00FFACF9 /* Default-568h@2x.png in Resources */,
			);
			runOnlyForDeploymentPostprocessing = 0;
		};
		57F20F791689B4E30084E742 /* Resources */ = {
			isa = PBXResourcesBuildPhase;
			buildActionMask = 2147483647;
			files = (
				57F20F891689B4E30084E742 /* InfoPlist.strings in Resources */,
			);
			runOnlyForDeploymentPostprocessing = 0;
		};
/* End PBXResourcesBuildPhase section */

/* Begin PBXShellScriptBuildPhase section */
		57F20F7A1689B4E30084E742 /* ShellScript */ = {
			isa = PBXShellScriptBuildPhase;
			buildActionMask = 2147483647;
			files = (
			);
			inputPaths = (
			);
			outputPaths = (
			);
			runOnlyForDeploymentPostprocessing = 0;
			shellPath = /bin/sh;
			shellScript = "# Run the unit tests in this test bundle.\n\"${SYSTEM_DEVELOPER_DIR}/Tools/RunUnitTests\"\n";
		};
/* End PBXShellScriptBuildPhase section */

/* Begin PBXSourcesBuildPhase section */
		57F20F521689B4E30084E742 /* Sources */ = {
			isa = PBXSourcesBuildPhase;
			buildActionMask = 2147483647;
			files = (
				57F20F691689B4E30084E742 /* main.m in Sources */,
				57F20F6D1689B4E30084E742 /* AppDelegate.m in Sources */,
				57F20F761689B4E30084E742 /* iHubot.xcdatamodeld in Sources */,
				57F20F9C1689B55C0084E742 /* Message.m in Sources */,
				57F2107A1689CBCB0084E742 /* AFHTTPClient.m in Sources */,
				57F2107B1689CBCB0084E742 /* AFHTTPRequestOperation.m in Sources */,
				57F2107C1689CBCB0084E742 /* AFImageRequestOperation.m in Sources */,
				57F2107D1689CBCB0084E742 /* AFJSONRequestOperation.m in Sources */,
				57F2107E1689CBCB0084E742 /* AFNetworkActivityIndicatorManager.m in Sources */,
				57F2107F1689CBCB0084E742 /* AFPropertyListRequestOperation.m in Sources */,
				57F210801689CBCB0084E742 /* AFURLConnectionOperation.m in Sources */,
				57F210811689CBCB0084E742 /* AFXMLRequestOperation.m in Sources */,
				57F210821689CBCB0084E742 /* UIImageView+AFNetworking.m in Sources */,
				57F210A01689CD5C0084E742 /* NSString+MD5Addition.m in Sources */,
				57F210A11689CD5C0084E742 /* UIDevice+IdentifierAddition.m in Sources */,
				57F210FF1689DB040084E742 /* NSBubbleData.m in Sources */,
				57F211001689DB040084E742 /* UIBubbleHeaderTableViewCell.m in Sources */,
				57F211011689DB040084E742 /* UIBubbleTableView.m in Sources */,
				57F211021689DB040084E742 /* UIBubbleTableViewCell.m in Sources */,
				57F211031689DB040084E742 /* UIBubbleTypingTableViewCell.m in Sources */,
				57F211091689DB440084E742 /* ViewController.m in Sources */,
				57F211231689EB4E0084E742 /* SDImageCache.m in Sources */,
				57F211241689EB4E0084E742 /* SDWebImageCompat.m in Sources */,
				57F211251689EB4E0084E742 /* SDWebImageDecoder.m in Sources */,
				57F211261689EB4E0084E742 /* SDWebImageDownloader.m in Sources */,
				57F211271689EB4E0084E742 /* SDWebImageDownloaderOperation.m in Sources */,
				57F211281689EB4E0084E742 /* SDWebImageManager.m in Sources */,
				57F211291689EB4E0084E742 /* SDWebImagePrefetcher.m in Sources */,
				57F2112A1689EB4E0084E742 /* UIButton+WebCache.m in Sources */,
				57F2112B1689EB4E0084E742 /* UIImageView+WebCache.m in Sources */,
				57F2115E1689EF7E0084E742 /* AFImageRequestOperation+OLImage.m in Sources */,
				57F211611689EF7E0084E742 /* OLImage.m in Sources */,
				57F211621689EF7E0084E742 /* OLImageView.m in Sources */,
				57F211A61689F60D0084E742 /* LBYouTubeExtractor.m in Sources */,
				57F211A71689F60D0084E742 /* LBYouTubePlayerController.m in Sources */,
			);
			runOnlyForDeploymentPostprocessing = 0;
		};
		57F20F771689B4E30084E742 /* Sources */ = {
			isa = PBXSourcesBuildPhase;
			buildActionMask = 2147483647;
			files = (
				57F20F8C1689B4E30084E742 /* iHubotTests.m in Sources */,
			);
			runOnlyForDeploymentPostprocessing = 0;
		};
/* End PBXSourcesBuildPhase section */

/* Begin PBXTargetDependency section */
		57F20F831689B4E30084E742 /* PBXTargetDependency */ = {
			isa = PBXTargetDependency;
			target = 57F20F551689B4E30084E742 /* iHubot */;
			targetProxy = 57F20F821689B4E30084E742 /* PBXContainerItemProxy */;
		};
/* End PBXTargetDependency section */

/* Begin PBXVariantGroup section */
		57F20F651689B4E30084E742 /* InfoPlist.strings */ = {
			isa = PBXVariantGroup;
			children = (
				57F20F661689B4E30084E742 /* en */,
			);
			name = InfoPlist.strings;
			sourceTree = "<group>";
		};
		57F20F871689B4E30084E742 /* InfoPlist.strings */ = {
			isa = PBXVariantGroup;
			children = (
				57F20F881689B4E30084E742 /* en */,
			);
			name = InfoPlist.strings;
			sourceTree = "<group>";
		};
/* End PBXVariantGroup section */

/* Begin XCBuildConfiguration section */
		57F20F8D1689B4E30084E742 /* Debug */ = {
			isa = XCBuildConfiguration;
			buildSettings = {
				ALWAYS_SEARCH_USER_PATHS = NO;
				CLANG_CXX_LANGUAGE_STANDARD = "gnu++0x";
				CLANG_CXX_LIBRARY = "libc++";
				CLANG_ENABLE_OBJC_ARC = YES;
				CLANG_WARN_EMPTY_BODY = YES;
				CLANG_WARN__DUPLICATE_METHOD_MATCH = YES;
				"CODE_SIGN_IDENTITY[sdk=iphoneos*]" = "iPhone Developer";
				COPY_PHASE_STRIP = NO;
				GCC_C_LANGUAGE_STANDARD = gnu99;
				GCC_DYNAMIC_NO_PIC = NO;
				GCC_OPTIMIZATION_LEVEL = 0;
				GCC_PREPROCESSOR_DEFINITIONS = (
					"DEBUG=1",
					"$(inherited)",
				);
				GCC_SYMBOLS_PRIVATE_EXTERN = NO;
				GCC_WARN_ABOUT_RETURN_TYPE = YES;
				GCC_WARN_UNINITIALIZED_AUTOS = YES;
				GCC_WARN_UNUSED_VARIABLE = YES;
				IPHONEOS_DEPLOYMENT_TARGET = 6.0;
				ONLY_ACTIVE_ARCH = YES;
				SDKROOT = iphoneos;
				TARGETED_DEVICE_FAMILY = "1,2";
			};
			name = Debug;
		};
		57F20F8E1689B4E30084E742 /* Release */ = {
			isa = XCBuildConfiguration;
			buildSettings = {
				ALWAYS_SEARCH_USER_PATHS = NO;
				CLANG_CXX_LANGUAGE_STANDARD = "gnu++0x";
				CLANG_CXX_LIBRARY = "libc++";
				CLANG_ENABLE_OBJC_ARC = YES;
				CLANG_WARN_EMPTY_BODY = YES;
				CLANG_WARN__DUPLICATE_METHOD_MATCH = YES;
				"CODE_SIGN_IDENTITY[sdk=iphoneos*]" = "iPhone Developer";
				COPY_PHASE_STRIP = YES;
				GCC_C_LANGUAGE_STANDARD = gnu99;
				GCC_WARN_ABOUT_RETURN_TYPE = YES;
				GCC_WARN_UNINITIALIZED_AUTOS = YES;
				GCC_WARN_UNUSED_VARIABLE = YES;
				IPHONEOS_DEPLOYMENT_TARGET = 6.0;
				OTHER_CFLAGS = "-DNS_BLOCK_ASSERTIONS=1";
				SDKROOT = iphoneos;
				TARGETED_DEVICE_FAMILY = "1,2";
				VALIDATE_PRODUCT = YES;
			};
			name = Release;
		};
		57F20F901689B4E30084E742 /* Debug */ = {
			isa = XCBuildConfiguration;
			buildSettings = {
				GCC_PRECOMPILE_PREFIX_HEADER = YES;
				GCC_PREFIX_HEADER = "iHubot/iHubot-Prefix.pch";
				HEADER_SEARCH_PATHS = "\"${PROJECT_DIR}/Vendor/CocoaPlant/CocoaPlant\"";
				INFOPLIST_FILE = "iHubot/iHubot-Info.plist";
				IPHONEOS_DEPLOYMENT_TARGET = 5.0;
				OTHER_LDFLAGS = (
					"-ObjC",
					"-force_load",
					"${BUILT_PRODUCTS_DIR}/libCocoaPlant.a",
				);
				PRODUCT_NAME = "$(TARGET_NAME)";
				TARGETED_DEVICE_FAMILY = 1;
				WRAPPER_EXTENSION = app;
			};
			name = Debug;
		};
		57F20F911689B4E30084E742 /* Release */ = {
			isa = XCBuildConfiguration;
			buildSettings = {
				GCC_PRECOMPILE_PREFIX_HEADER = YES;
				GCC_PREFIX_HEADER = "iHubot/iHubot-Prefix.pch";
				HEADER_SEARCH_PATHS = "\"${PROJECT_DIR}/Vendor/CocoaPlant/CocoaPlant\"";
				INFOPLIST_FILE = "iHubot/iHubot-Info.plist";
				IPHONEOS_DEPLOYMENT_TARGET = 5.0;
				OTHER_LDFLAGS = (
					"-ObjC",
					"-force_load",
					"${BUILT_PRODUCTS_DIR}/libCocoaPlant.a",
				);
				PRODUCT_NAME = "$(TARGET_NAME)";
				TARGETED_DEVICE_FAMILY = 1;
				WRAPPER_EXTENSION = app;
			};
			name = Release;
		};
		57F20F931689B4E30084E742 /* Debug */ = {
			isa = XCBuildConfiguration;
			buildSettings = {
				BUNDLE_LOADER = "$(BUILT_PRODUCTS_DIR)/iHubot.app/iHubot";
				FRAMEWORK_SEARCH_PATHS = (
					"\"$(SDKROOT)/Developer/Library/Frameworks\"",
					"\"$(DEVELOPER_LIBRARY_DIR)/Frameworks\"",
				);
				GCC_PRECOMPILE_PREFIX_HEADER = YES;
				GCC_PREFIX_HEADER = "iHubot/iHubot-Prefix.pch";
				INFOPLIST_FILE = "iHubotTests/iHubotTests-Info.plist";
				PRODUCT_NAME = "$(TARGET_NAME)";
				TEST_HOST = "$(BUNDLE_LOADER)";
				WRAPPER_EXTENSION = octest;
			};
			name = Debug;
		};
		57F20F941689B4E30084E742 /* Release */ = {
			isa = XCBuildConfiguration;
			buildSettings = {
				BUNDLE_LOADER = "$(BUILT_PRODUCTS_DIR)/iHubot.app/iHubot";
				FRAMEWORK_SEARCH_PATHS = (
					"\"$(SDKROOT)/Developer/Library/Frameworks\"",
					"\"$(DEVELOPER_LIBRARY_DIR)/Frameworks\"",
				);
				GCC_PRECOMPILE_PREFIX_HEADER = YES;
				GCC_PREFIX_HEADER = "iHubot/iHubot-Prefix.pch";
				INFOPLIST_FILE = "iHubotTests/iHubotTests-Info.plist";
				PRODUCT_NAME = "$(TARGET_NAME)";
				TEST_HOST = "$(BUNDLE_LOADER)";
				WRAPPER_EXTENSION = octest;
			};
			name = Release;
		};
/* End XCBuildConfiguration section */

/* Begin XCConfigurationList section */
		57F20F501689B4E30084E742 /* Build configuration list for PBXProject "iHubot" */ = {
			isa = XCConfigurationList;
			buildConfigurations = (
				57F20F8D1689B4E30084E742 /* Debug */,
				57F20F8E1689B4E30084E742 /* Release */,
			);
			defaultConfigurationIsVisible = 0;
			defaultConfigurationName = Release;
		};
		57F20F8F1689B4E30084E742 /* Build configuration list for PBXNativeTarget "iHubot" */ = {
			isa = XCConfigurationList;
			buildConfigurations = (
				57F20F901689B4E30084E742 /* Debug */,
				57F20F911689B4E30084E742 /* Release */,
			);
			defaultConfigurationIsVisible = 0;
			defaultConfigurationName = Release;
		};
		57F20F921689B4E30084E742 /* Build configuration list for PBXNativeTarget "iHubotTests" */ = {
			isa = XCConfigurationList;
			buildConfigurations = (
				57F20F931689B4E30084E742 /* Debug */,
				57F20F941689B4E30084E742 /* Release */,
			);
			defaultConfigurationIsVisible = 0;
			defaultConfigurationName = Release;
		};
/* End XCConfigurationList section */

/* Begin XCVersionGroup section */
		57F20F741689B4E30084E742 /* iHubot.xcdatamodeld */ = {
			isa = XCVersionGroup;
			children = (
				57F20F751689B4E30084E742 /* iHubot.xcdatamodel */,
			);
			currentVersion = 57F20F751689B4E30084E742 /* iHubot.xcdatamodel */;
			path = iHubot.xcdatamodeld;
			sourceTree = "<group>";
			versionGroupType = wrapper.xcdatamodel;
		};
/* End XCVersionGroup section */
	};
	rootObject = 57F20F4D1689B4E30084E742 /* Project object */;
}
